
Microsoft Visual Studio Solution File, Format Version 12.00
# Visual Studio Version 16
VisualStudioVersion = 16.0.31729.503
MinimumVisualStudioVersion = 10.0.40219.1
Project("{FAE04EC0-301F-11D3-BF4B-00C04F79EFBC}") = "aca1", "aca1.csproj", "{87B0426D-B8F5-4B69-AE74-32A835EBE789}"
EndProject
Global
	GlobalSection(SolutionConfigurationPlatforms) = preSolution
		Debug|Any CPU = Debug|Any CPU
		Release|Any CPU = Release|Any CPU
	EndGlobalSection
	GlobalSection(ProjectConfigurationPlatforms) = postSolution
		{87B0426D-B8F5-4B69-AE74-32A835EBE789}.Debug|Any CPU.ActiveCfg = Debug|Any CPU
		{87B0426D-B8F5-4B69-AE74-32A835EBE789}.Debug|Any CPU.Build.0 = Debug|Any CPU
		{87B0426D-B8F5-4B69-AE74-32A835EBE789}.Release|Any CPU.ActiveCfg = Release|Any CPU
		{87B0426D-B8F5-4B69-AE74-32A835EBE789}.Release|Any CPU.Build.0 = Release|Any CPU
	EndGlobalSection
	GlobalSection(SolutionProperties) = preSolution
		HideSolutionNode = FALSE
	EndGlobalSection
	GlobalSection(ExtensibilityGlobals) = postSolution
		SolutionGuid = {F1EEEECC-57EF-472D-9CE6-9A359FED715C}
	EndGlobalSection
EndGlobal
